{
  "name": "pinnwand",
  "lockfileVersion": 3,
  "requires": true,
  "packages": {
    "": {
      "dependencies": {
        "playwright": "^1.36.1"
      }
    },
    "node_modules/playwright": {
      "version": "1.36.1",
      "resolved": "https://registry.npmjs.org/playwright/-/playwright-1.36.1.tgz",
      "integrity": "sha512-2ZqHpD0U0COKR8bqR3W5IkyIAAM0mT9FgGJB9xWCI1qAUkqLxJskA1ueeQOTH2Qfz3+oxdwwf2EzdOX+RkZmmQ==",
      "hasInstallScript": true,
      "dependencies": {
        "playwright-core": "1.36.1"
      },
      "bin": {
        "playwright": "cli.js"
      },
      "engines": {
        "node": ">=16"
      }
    },
    "node_modules/playwright-core": {
      "version": "1.36.1",
      "resolved": "https://registry.npmjs.org/playwright-core/-/playwright-core-1.36.1.tgz",
      "integrity": "sha512-7+tmPuMcEW4xeCL9cp9KxmYpQYHKkyjwoXRnoeTowaeNat8PoBMk/HwCYhqkH2fRkshfKEOiVus/IhID2Pg8kg==",
      "bin": {
        "playwright-core": "cli.js"
      },
      "engines": {
        "node": ">=16"
      }
    }
  }
}
